{
  "name": "test3",
  "version": "1.0.0",
  "lockfileVersion": 3,
  "requires": true,
  "packages": {
    "": {
      "name": "test3",
      "version": "1.0.0",
      "license": "MIT",
      "dependencies": {
        "test2": "file:../test2"
      }
    },
    "../test2": {
      "version": "1.0.0",
      "license": "MIT"
    },
    "node_modules/test2": {
      "resolved": "../test2",
      "link": true
    }
  }
}
