{
  "name": "@modbus2mqtt/test3",
  "version": "1.0.2",
  "lockfileVersion": 3,
  "requires": true,
  "packages": {
    "": {
      "name": "@modbus2mqtt/test3",
      "version": "1.0.2",
      "license": "MIT",
      "dependencies": {
        "@modbus2mqtt/test1": "github:modbus2mqtt/test1#v1.0.1"
      }
    },
    "node_modules/@modbus2mqtt/test1": {
      "version": "1.0.1",
      "resolved": "git+ssh://git@github.com/modbus2mqtt/test1.git#168736cbeef3c45787e709d0dd4412a207bd07ae",
      "license": "MIT"
    }
  }
}
