{
  "name": "@modbus2mqtt/test3",
  "version": "1.0.3",
  "lockfileVersion": 3,
  "requires": true,
  "packages": {
    "": {
      "name": "@modbus2mqtt/test3",
      "version": "1.0.3",
      "license": "MIT",
      "dependencies": {
        "@modbus2mqtt/test1": "github:modbus2mqtt/test1#v1.0.2"
      }
    },
    "node_modules/@modbus2mqtt/test1": {
      "version": "1.0.2",
      "resolved": "git+ssh://git@github.com/modbus2mqtt/test1.git#047fc097ef74f02c8f9dc0effd83cffc8d71fca4",
      "license": "MIT"
    }
  }
}
